
Microsoft Visual Studio Solution File, Format Version 12.00
# Visual Studio Version 17
VisualStudioVersion = 17.11.35303.130
MinimumVisualStudioVersion = 10.0.40219.1
Project("{FAE04EC0-301F-11D3-BF4B-00C04F79EFBC}") = "MyExpenseTracker", "MyExpenseTracker\MyExpenseTracker.csproj", "{8148CCA7-D45C-4ED9-AD58-5B5A98781868}"
EndProject
Global
	GlobalSection(SolutionConfigurationPlatforms) = preSolution
		Debug|Any CPU = Debug|Any CPU
		Release|Any CPU = Release|Any CPU
	EndGlobalSection
	GlobalSection(ProjectConfigurationPlatforms) = postSolution
		{8148CCA7-D45C-4ED9-AD58-5B5A98781868}.Debug|Any CPU.ActiveCfg = Debug|Any CPU
		{8148CCA7-D45C-4ED9-AD58-5B5A98781868}.Debug|Any CPU.Build.0 = Debug|Any CPU
		{8148CCA7-D45C-4ED9-AD58-5B5A98781868}.Release|Any CPU.ActiveCfg = Release|Any CPU
		{8148CCA7-D45C-4ED9-AD58-5B5A98781868}.Release|Any CPU.Build.0 = Release|Any CPU
	EndGlobalSection
	GlobalSection(SolutionProperties) = preSolution
		HideSolutionNode = FALSE
	EndGlobalSection
	GlobalSection(ExtensibilityGlobals) = postSolution
		SolutionGuid = {304056F1-6F56-4FBC-A1E7-F7F1B32F6F3B}
	EndGlobalSection
EndGlobal
